// !$*UTF8*$!
{
	archiveVersion = 1;
	classes = {
	};
	objectVersion = 56;
	objects = {

/* Begin PBXBuildFile section */
		916DAAF82BC0D13700D92E42 /* BitDriftProxy.docc in Sources */ = {isa = PBXBuildFile; fileRef = 916DAAF72BC0D13700D92E42 /* BitDriftProxy.docc */; };
		916DAB042BC0D13800D92E42 /* BitDriftProxy.h in Headers */ = {isa = PBXBuildFile; fileRef = 916DAAF62BC0D13700D92E42 /* BitDriftProxy.h */; settings = {ATTRIBUTES = (Public, ); }; };
		91855FCB2BC0DB8F00D5DD54 /* Logger.swift in Sources */ = {isa = PBXBuildFile; fileRef = 91855FCA2BC0DB8F00D5DD54 /* Logger.swift */; };
		91DC15732BC4A6040031E6D1 /* Capture in Frameworks */ = {isa = PBXBuildFile; productRef = 91DC15722BC4A6040031E6D1 /* Capture */; };
		91DC15752BC4A6040031E6D1 /* CaptureCocoaLumberjack in Frameworks */ = {isa = PBXBuildFile; productRef = 91DC15742BC4A6040031E6D1 /* CaptureCocoaLumberjack */; };
		91DC15772BC4A6040031E6D1 /* CaptureSwiftyBeaver in Frameworks */ = {isa = PBXBuildFile; productRef = 91DC15762BC4A6040031E6D1 /* CaptureSwiftyBeaver */; };
/* End PBXBuildFile section */

/* Begin PBXFileReference section */
		916DAAF32BC0D13700D92E42 /* BitDriftProxy.framework */ = {isa = PBXFileReference; explicitFileType = wrapper.framework; includeInIndex = 0; path = BitDriftProxy.framework; sourceTree = BUILT_PRODUCTS_DIR; };
		916DAAF62BC0D13700D92E42 /* BitDriftProxy.h */ = {isa = PBXFileReference; lastKnownFileType = sourcecode.c.h; path = BitDriftProxy.h; sourceTree = "<group>"; };
		916DAAF72BC0D13700D92E42 /* BitDriftProxy.docc */ = {isa = PBXFileReference; lastKnownFileType = folder.documentationcatalog; path = BitDriftProxy.docc; sourceTree = "<group>"; };
		91855FCA2BC0DB8F00D5DD54 /* Logger.swift */ = {isa = PBXFileReference; lastKnownFileType = sourcecode.swift; path = Logger.swift; sourceTree = "<group>"; };
/* End PBXFileReference section */

/* Begin PBXFrameworksBuildPhase section */
		916DAAF02BC0D13700D92E42 /* Frameworks */ = {
			isa = PBXFrameworksBuildPhase;
			buildActionMask = 2147483647;
			files = (
				91DC15772BC4A6040031E6D1 /* CaptureSwiftyBeaver in Frameworks */,
				91DC15732BC4A6040031E6D1 /* Capture in Frameworks */,
				91DC15752BC4A6040031E6D1 /* CaptureCocoaLumberjack in Frameworks */,
			);
			runOnlyForDeploymentPostprocessing = 0;
		};
/* End PBXFrameworksBuildPhase section */

/* Begin PBXGroup section */
		916DAAE92BC0D13700D92E42 = {
			isa = PBXGroup;
			children = (
				916DAAF52BC0D13700D92E42 /* BitDriftProxy */,
				916DAAF42BC0D13700D92E42 /* Products */,
				916DAB0D2BC0D18000D92E42 /* Frameworks */,
			);
			sourceTree = "<group>";
		};
		916DAAF42BC0D13700D92E42 /* Products */ = {
			isa = PBXGroup;
			children = (
				916DAAF32BC0D13700D92E42 /* BitDriftProxy.framework */,
			);
			name = Products;
			sourceTree = "<group>";
		};
		916DAAF52BC0D13700D92E42 /* BitDriftProxy */ = {
			isa = PBXGroup;
			children = (
				916DAAF62BC0D13700D92E42 /* BitDriftProxy.h */,
				91855FCA2BC0DB8F00D5DD54 /* Logger.swift */,
				916DAAF72BC0D13700D92E42 /* BitDriftProxy.docc */,
			);
			path = BitDriftProxy;
			sourceTree = "<group>";
		};
		916DAB0D2BC0D18000D92E42 /* Frameworks */ = {
			isa = PBXGroup;
			children = (
			);
			name = Frameworks;
			sourceTree = "<group>";
		};
/* End PBXGroup section */

/* Begin PBXHeadersBuildPhase section */
		916DAAEE2BC0D13700D92E42 /* Headers */ = {
			isa = PBXHeadersBuildPhase;
			buildActionMask = 2147483647;
			files = (
				916DAB042BC0D13800D92E42 /* BitDriftProxy.h in Headers */,
			);
			runOnlyForDeploymentPostprocessing = 0;
		};
/* End PBXHeadersBuildPhase section */

/* Begin PBXNativeTarget section */
		916DAAF22BC0D13700D92E42 /* BitDriftProxy */ = {
			isa = PBXNativeTarget;
			buildConfigurationList = 916DAB072BC0D13800D92E42 /* Build configuration list for PBXNativeTarget "BitDriftProxy" */;
			buildPhases = (
				916DAAEE2BC0D13700D92E42 /* Headers */,
				916DAAEF2BC0D13700D92E42 /* Sources */,
				916DAAF02BC0D13700D92E42 /* Frameworks */,
				916DAAF12BC0D13700D92E42 /* Resources */,
			);
			buildRules = (
			);
			dependencies = (
			);
			name = BitDriftProxy;
			packageProductDependencies = (
				91DC15722BC4A6040031E6D1 /* Capture */,
				91DC15742BC4A6040031E6D1 /* CaptureCocoaLumberjack */,
				91DC15762BC4A6040031E6D1 /* CaptureSwiftyBeaver */,
			);
			productName = BitDriftProxy;
			productReference = 916DAAF32BC0D13700D92E42 /* BitDriftProxy.framework */;
			productType = "com.apple.product-type.framework";
		};
/* End PBXNativeTarget section */

/* Begin PBXProject section */
		916DAAEA2BC0D13700D92E42 /* Project object */ = {
			isa = PBXProject;
			attributes = {
				BuildIndependentTargetsInParallel = 1;
				LastSwiftUpdateCheck = 1530;
				LastUpgradeCheck = 1530;
				TargetAttributes = {
					916DAAF22BC0D13700D92E42 = {
						CreatedOnToolsVersion = 15.3;
					};
				};
			};
			buildConfigurationList = 916DAAED2BC0D13700D92E42 /* Build configuration list for PBXProject "BitDriftProxy" */;
			compatibilityVersion = "Xcode 14.0";
			developmentRegion = en;
			hasScannedForEncodings = 0;
			knownRegions = (
				en,
				Base,
			);
			mainGroup = 916DAAE92BC0D13700D92E42;
			packageReferences = (
				91DC15712BC4A6040031E6D1 /* XCRemoteSwiftPackageReference "capture-ios" */,
			);
			productRefGroup = 916DAAF42BC0D13700D92E42 /* Products */;
			projectDirPath = "";
			projectRoot = "";
			targets = (
				916DAAF22BC0D13700D92E42 /* BitDriftProxy */,
			);
		};
/* End PBXProject section */

/* Begin PBXResourcesBuildPhase section */
		916DAAF12BC0D13700D92E42 /* Resources */ = {
			isa = PBXResourcesBuildPhase;
			buildActionMask = 2147483647;
			files = (
			);
			runOnlyForDeploymentPostprocessing = 0;
		};
/* End PBXResourcesBuildPhase section */

/* Begin PBXSourcesBuildPhase section */
		916DAAEF2BC0D13700D92E42 /* Sources */ = {
			isa = PBXSourcesBuildPhase;
			buildActionMask = 2147483647;
			files = (
				916DAAF82BC0D13700D92E42 /* BitDriftProxy.docc in Sources */,
				91855FCB2BC0DB8F00D5DD54 /* Logger.swift in Sources */,
			);
			runOnlyForDeploymentPostprocessing = 0;
		};
/* End PBXSourcesBuildPhase section */

/* Begin XCBuildConfiguration section */
		916DAB052BC0D13800D92E42 /* Debug */ = {
			isa = XCBuildConfiguration;
			buildSettings = {
				ALLOW_TARGET_PLATFORM_SPECIALIZATION = YES;
				ALWAYS_SEARCH_USER_PATHS = NO;
				"ARCHS[sdk=*]" = "$(ARCHS_STANDARD)";
				ASSETCATALOG_COMPILER_GENERATE_SWIFT_ASSET_SYMBOL_EXTENSIONS = YES;
				CLANG_ANALYZER_NONNULL = YES;
				CLANG_ANALYZER_NUMBER_OBJECT_CONVERSION = YES_AGGRESSIVE;
				CLANG_CXX_LANGUAGE_STANDARD = "gnu++20";
				CLANG_ENABLE_MODULES = YES;
				CLANG_ENABLE_OBJC_ARC = YES;
				CLANG_ENABLE_OBJC_WEAK = YES;
				CLANG_WARN_BLOCK_CAPTURE_AUTORELEASING = YES;
				CLANG_WARN_BOOL_CONVERSION = YES;
				CLANG_WARN_COMMA = YES;
				CLANG_WARN_CONSTANT_CONVERSION = YES;
				CLANG_WARN_DEPRECATED_OBJC_IMPLEMENTATIONS = YES;
				CLANG_WARN_DIRECT_OBJC_ISA_USAGE = YES_ERROR;
				CLANG_WARN_DOCUMENTATION_COMMENTS = YES;
				CLANG_WARN_EMPTY_BODY = YES;
				CLANG_WARN_ENUM_CONVERSION = YES;
				CLANG_WARN_INFINITE_RECURSION = YES;
				CLANG_WARN_INT_CONVERSION = YES;
				CLANG_WARN_NON_LITERAL_NULL_CONVERSION = YES;
				CLANG_WARN_OBJC_IMPLICIT_RETAIN_SELF = YES;
				CLANG_WARN_OBJC_LITERAL_CONVERSION = YES;
				CLANG_WARN_OBJC_ROOT_CLASS = YES_ERROR;
				CLANG_WARN_QUOTED_INCLUDE_IN_FRAMEWORK_HEADER = YES;
				CLANG_WARN_RANGE_LOOP_ANALYSIS = YES;
				CLANG_WARN_STRICT_PROTOTYPES = YES;
				CLANG_WARN_SUSPICIOUS_MOVE = YES;
				CLANG_WARN_UNGUARDED_AVAILABILITY = YES_AGGRESSIVE;
				CLANG_WARN_UNREACHABLE_CODE = YES;
				CLANG_WARN__DUPLICATE_METHOD_MATCH = YES;
				COPY_PHASE_STRIP = NO;
				CURRENT_PROJECT_VERSION = 1;
				DEBUG_INFORMATION_FORMAT = dwarf;
				ENABLE_STRICT_OBJC_MSGSEND = YES;
				ENABLE_TESTABILITY = YES;
				ENABLE_USER_SCRIPT_SANDBOXING = YES;
				GCC_C_LANGUAGE_STANDARD = gnu17;
				GCC_DYNAMIC_NO_PIC = NO;
				GCC_NO_COMMON_BLOCKS = YES;
				GCC_OPTIMIZATION_LEVEL = 0;
				GCC_PREPROCESSOR_DEFINITIONS = (
					"DEBUG=1",
					"$(inherited)",
				);
				GCC_WARN_64_TO_32_BIT_CONVERSION = YES;
				GCC_WARN_ABOUT_RETURN_TYPE = YES_ERROR;
				GCC_WARN_UNDECLARED_SELECTOR = YES;
				GCC_WARN_UNINITIALIZED_AUTOS = YES_AGGRESSIVE;
				GCC_WARN_UNUSED_FUNCTION = YES;
				GCC_WARN_UNUSED_VARIABLE = YES;
				IPHONEOS_DEPLOYMENT_TARGET = 14.0;
				LOCALIZATION_PREFERS_STRING_CATALOGS = YES;
				MTL_ENABLE_DEBUG_INFO = INCLUDE_SOURCE;
				MTL_FAST_MATH = YES;
				ONLY_ACTIVE_ARCH = YES;
				SDKROOT = "";
				SUPPORTED_PLATFORMS = "xrsimulator xros watchsimulator watchos macosx iphonesimulator iphoneos driverkit appletvsimulator appletvos";
				SUPPORTS_MACCATALYST = YES;
				SWIFT_ACTIVE_COMPILATION_CONDITIONS = "DEBUG $(inherited)";
				SWIFT_OPTIMIZATION_LEVEL = "-Onone";
				VERSIONING_SYSTEM = "apple-generic";
				VERSION_INFO_PREFIX = "";
			};
			name = Debug;
		};
		916DAB062BC0D13800D92E42 /* Release */ = {
			isa = XCBuildConfiguration;
			buildSettings = {
				ALLOW_TARGET_PLATFORM_SPECIALIZATION = YES;
				ALWAYS_SEARCH_USER_PATHS = NO;
				ASSETCATALOG_COMPILER_GENERATE_SWIFT_ASSET_SYMBOL_EXTENSIONS = YES;
				CLANG_ANALYZER_NONNULL = YES;
				CLANG_ANALYZER_NUMBER_OBJECT_CONVERSION = YES_AGGRESSIVE;
				CLANG_CXX_LANGUAGE_STANDARD = "gnu++20";
				CLANG_ENABLE_MODULES = YES;
				CLANG_ENABLE_OBJC_ARC = YES;
				CLANG_ENABLE_OBJC_WEAK = YES;
				CLANG_WARN_BLOCK_CAPTURE_AUTORELEASING = YES;
				CLANG_WARN_BOOL_CONVERSION = YES;
				CLANG_WARN_COMMA = YES;
				CLANG_WARN_CONSTANT_CONVERSION = YES;
				CLANG_WARN_DEPRECATED_OBJC_IMPLEMENTATIONS = YES;
				CLANG_WARN_DIRECT_OBJC_ISA_USAGE = YES_ERROR;
				CLANG_WARN_DOCUMENTATION_COMMENTS = YES;
				CLANG_WARN_EMPTY_BODY = YES;
				CLANG_WARN_ENUM_CONVERSION = YES;
				CLANG_WARN_INFINITE_RECURSION = YES;
				CLANG_WARN_INT_CONVERSION = YES;
				CLANG_WARN_NON_LITERAL_NULL_CONVERSION = YES;
				CLANG_WARN_OBJC_IMPLICIT_RETAIN_SELF = YES;
				CLANG_WARN_OBJC_LITERAL_CONVERSION = YES;
				CLANG_WARN_OBJC_ROOT_CLASS = YES_ERROR;
				CLANG_WARN_QUOTED_INCLUDE_IN_FRAMEWORK_HEADER = YES;
				CLANG_WARN_RANGE_LOOP_ANALYSIS = YES;
				CLANG_WARN_STRICT_PROTOTYPES = YES;
				CLANG_WARN_SUSPICIOUS_MOVE = YES;
				CLANG_WARN_UNGUARDED_AVAILABILITY = YES_AGGRESSIVE;
				CLANG_WARN_UNREACHABLE_CODE = YES;
				CLANG_WARN__DUPLICATE_METHOD_MATCH = YES;
				COPY_PHASE_STRIP = NO;
				CURRENT_PROJECT_VERSION = 1;
				DEBUG_INFORMATION_FORMAT = "dwarf-with-dsym";
				ENABLE_NS_ASSERTIONS = NO;
				ENABLE_STRICT_OBJC_MSGSEND = YES;
				ENABLE_USER_SCRIPT_SANDBOXING = YES;
				GCC_C_LANGUAGE_STANDARD = gnu17;
				GCC_NO_COMMON_BLOCKS = YES;
				GCC_WARN_64_TO_32_BIT_CONVERSION = YES;
				GCC_WARN_ABOUT_RETURN_TYPE = YES_ERROR;
				GCC_WARN_UNDECLARED_SELECTOR = YES;
				GCC_WARN_UNINITIALIZED_AUTOS = YES_AGGRESSIVE;
				GCC_WARN_UNUSED_FUNCTION = YES;
				GCC_WARN_UNUSED_VARIABLE = YES;
				IPHONEOS_DEPLOYMENT_TARGET = 14.0;
				LOCALIZATION_PREFERS_STRING_CATALOGS = YES;
				MTL_ENABLE_DEBUG_INFO = NO;
				MTL_FAST_MATH = YES;
				SDKROOT = "";
				SUPPORTED_PLATFORMS = "xrsimulator xros watchsimulator watchos macosx iphonesimulator iphoneos driverkit appletvsimulator appletvos";
				SUPPORTS_MACCATALYST = YES;
				SWIFT_COMPILATION_MODE = wholemodule;
				VALIDATE_PRODUCT = YES;
				VERSIONING_SYSTEM = "apple-generic";
				VERSION_INFO_PREFIX = "";
			};
			name = Release;
		};
		916DAB082BC0D13800D92E42 /* Debug */ = {
			isa = XCBuildConfiguration;
			buildSettings = {
				ALLOW_TARGET_PLATFORM_SPECIALIZATION = YES;
				ARCHS = "$(ARCHS_STANDARD)";
				BUILD_LIBRARY_FOR_DISTRIBUTION = YES;
				CODE_SIGN_STYLE = Automatic;
				CURRENT_PROJECT_VERSION = 1;
				DEFINES_MODULE = YES;
				DEVELOPMENT_TEAM = F2K6M8235W;
				DYLIB_COMPATIBILITY_VERSION = 1;
				DYLIB_CURRENT_VERSION = 1;
				DYLIB_INSTALL_NAME_BASE = "@rpath";
				ENABLE_MODULE_VERIFIER = YES;
				FRAMEWORK_SEARCH_PATHS = (
					"$(inherited)",
					"$(PROJECT_DIR)/BitDriftProxy/VendorFrameworks/Capture.xcframework/ios-arm64",
				);
				GENERATE_INFOPLIST_FILE = YES;
				INFOPLIST_KEY_NSHumanReadableCopyright = "";
				INSTALL_PATH = "$(LOCAL_LIBRARY_DIR)/Frameworks";
				IPHONEOS_DEPLOYMENT_TARGET = 14.0;
				LD_RUNPATH_SEARCH_PATHS = (
					"$(inherited)",
					"@executable_path/Frameworks",
					"@loader_path/Frameworks",
				);
				MARKETING_VERSION = 1.0;
				MODULE_VERIFIER_SUPPORTED_LANGUAGES = "objective-c objective-c++";
				MODULE_VERIFIER_SUPPORTED_LANGUAGE_STANDARDS = "gnu17 gnu++20";
				PRODUCT_BUNDLE_IDENTIFIER = com.euarctos.BitDriftProxy;
				PRODUCT_NAME = "$(TARGET_NAME:c99extidentifier)";
				SDKROOT = macosx;
				SKIP_INSTALL = YES;
				SUPPORTED_PLATFORMS = "iphoneos iphonesimulator";
				SUPPORTS_MACCATALYST = NO;
				SUPPORTS_MAC_DESIGNED_FOR_IPHONE_IPAD = NO;
				SUPPORTS_XR_DESIGNED_FOR_IPHONE_IPAD = NO;
				SWIFT_EMIT_LOC_STRINGS = YES;
				SWIFT_INSTALL_OBJC_HEADER = YES;
				SWIFT_VERSION = 5.0;
				TARGETED_DEVICE_FAMILY = "1,2";
			};
			name = Debug;
		};
		916DAB092BC0D13800D92E42 /* Release */ = {
			isa = XCBuildConfiguration;
			buildSettings = {
				ALLOW_TARGET_PLATFORM_SPECIALIZATION = YES;
				ARCHS = "$(ARCHS_STANDARD)";
				BUILD_LIBRARY_FOR_DISTRIBUTION = YES;
				CODE_SIGN_STYLE = Automatic;
				CURRENT_PROJECT_VERSION = 1;
				DEFINES_MODULE = YES;
				DEVELOPMENT_TEAM = F2K6M8235W;
				DYLIB_COMPATIBILITY_VERSION = 1;
				DYLIB_CURRENT_VERSION = 1;
				DYLIB_INSTALL_NAME_BASE = "@rpath";
				ENABLE_MODULE_VERIFIER = YES;
				FRAMEWORK_SEARCH_PATHS = (
					"$(inherited)",
					"$(PROJECT_DIR)/BitDriftProxy/VendorFrameworks/Capture.xcframework/ios-arm64",
				);
				GENERATE_INFOPLIST_FILE = YES;
				INFOPLIST_KEY_NSHumanReadableCopyright = "";
				INSTALL_PATH = "$(LOCAL_LIBRARY_DIR)/Frameworks";
				IPHONEOS_DEPLOYMENT_TARGET = 14.0;
				LD_RUNPATH_SEARCH_PATHS = (
					"$(inherited)",
					"@executable_path/Frameworks",
					"@loader_path/Frameworks",
				);
				MARKETING_VERSION = 1.0;
				MODULE_VERIFIER_SUPPORTED_LANGUAGES = "objective-c objective-c++";
				MODULE_VERIFIER_SUPPORTED_LANGUAGE_STANDARDS = "gnu17 gnu++20";
				PRODUCT_BUNDLE_IDENTIFIER = com.euarctos.BitDriftProxy;
				PRODUCT_NAME = "$(TARGET_NAME:c99extidentifier)";
				SDKROOT = macosx;
				SKIP_INSTALL = YES;
				SUPPORTED_PLATFORMS = "iphoneos iphonesimulator";
				SUPPORTS_MACCATALYST = NO;
				SUPPORTS_MAC_DESIGNED_FOR_IPHONE_IPAD = NO;
				SUPPORTS_XR_DESIGNED_FOR_IPHONE_IPAD = NO;
				SWIFT_EMIT_LOC_STRINGS = YES;
				SWIFT_INSTALL_OBJC_HEADER = YES;
				SWIFT_VERSION = 5.0;
				TARGETED_DEVICE_FAMILY = "1,2";
			};
			name = Release;
		};
/* End XCBuildConfiguration section */

/* Begin XCConfigurationList section */
		916DAAED2BC0D13700D92E42 /* Build configuration list for PBXProject "BitDriftProxy" */ = {
			isa = XCConfigurationList;
			buildConfigurations = (
				916DAB052BC0D13800D92E42 /* Debug */,
				916DAB062BC0D13800D92E42 /* Release */,
			);
			defaultConfigurationIsVisible = 0;
			defaultConfigurationName = Release;
		};
		916DAB072BC0D13800D92E42 /* Build configuration list for PBXNativeTarget "BitDriftProxy" */ = {
			isa = XCConfigurationList;
			buildConfigurations = (
				916DAB082BC0D13800D92E42 /* Debug */,
				916DAB092BC0D13800D92E42 /* Release */,
			);
			defaultConfigurationIsVisible = 0;
			defaultConfigurationName = Release;
		};
/* End XCConfigurationList section */

/* Begin XCRemoteSwiftPackageReference section */
		91DC15712BC4A6040031E6D1 /* XCRemoteSwiftPackageReference "capture-ios" */ = {
			isa = XCRemoteSwiftPackageReference;
			repositoryURL = "https://github.com/bitdriftlabs/capture-ios";
			requirement = {
				kind = upToNextMajorVersion;
				minimumVersion = 0.9.114;
			};
		};
/* End XCRemoteSwiftPackageReference section */

/* Begin XCSwiftPackageProductDependency section */
		91DC15722BC4A6040031E6D1 /* Capture */ = {
			isa = XCSwiftPackageProductDependency;
			package = 91DC15712BC4A6040031E6D1 /* XCRemoteSwiftPackageReference "capture-ios" */;
			productName = Capture;
		};
		91DC15742BC4A6040031E6D1 /* CaptureCocoaLumberjack */ = {
			isa = XCSwiftPackageProductDependency;
			package = 91DC15712BC4A6040031E6D1 /* XCRemoteSwiftPackageReference "capture-ios" */;
			productName = CaptureCocoaLumberjack;
		};
		91DC15762BC4A6040031E6D1 /* CaptureSwiftyBeaver */ = {
			isa = XCSwiftPackageProductDependency;
			package = 91DC15712BC4A6040031E6D1 /* XCRemoteSwiftPackageReference "capture-ios" */;
			productName = CaptureSwiftyBeaver;
		};
/* End XCSwiftPackageProductDependency section */
	};
	rootObject = 916DAAEA2BC0D13700D92E42 /* Project object */;
}
